
Microsoft Visual Studio Solution File, Format Version 12.00
# Visual Studio 15
VisualStudioVersion = 15.0.27428.2005
MinimumVisualStudioVersion = 10.0.40219.1
Project("{FAE04EC0-301F-11D3-BF4B-00C04F79EFBC}") = "Maori Dictionary Lookup", "Populate_Database_Tool\Maori Dictionary Lookup.csproj", "{D3DB9920-0854-4B29-85BC-28548006FCEB}"
EndProject
Global
	GlobalSection(SolutionConfigurationPlatforms) = preSolution
		Debug|Any CPU = Debug|Any CPU
		Release|Any CPU = Release|Any CPU
	EndGlobalSection
	GlobalSection(ProjectConfigurationPlatforms) = postSolution
		{D3DB9920-0854-4B29-85BC-28548006FCEB}.Debug|Any CPU.ActiveCfg = Debug|Any CPU
		{D3DB9920-0854-4B29-85BC-28548006FCEB}.Debug|Any CPU.Build.0 = Debug|Any CPU
		{D3DB9920-0854-4B29-85BC-28548006FCEB}.Release|Any CPU.ActiveCfg = Release|Any CPU
		{D3DB9920-0854-4B29-85BC-28548006FCEB}.Release|Any CPU.Build.0 = Release|Any CPU
	EndGlobalSection
	GlobalSection(SolutionProperties) = preSolution
		HideSolutionNode = FALSE
	EndGlobalSection
	GlobalSection(ExtensibilityGlobals) = postSolution
		SolutionGuid = {BD570E86-60DA-4321-A003-213943B26E0E}
	EndGlobalSection
EndGlobal
